
Microsoft Visual Studio Solution File, Format Version 12.00
# Visual Studio 15
VisualStudioVersion = 15.0.28307.1022
MinimumVisualStudioVersion = 10.0.40219.1
Project("{9A19103F-16F7-4668-BE54-9A1E7A4F7556}") = "DatabaseInterpreter.Core", "DatabaseInterpreter\DatabaseInterpreter.Core\DatabaseInterpreter.Core.csproj", "{79096163-1F82-46F2-B2D9-6BD7F9015C05}"
EndProject
Project("{9A19103F-16F7-4668-BE54-9A1E7A4F7556}") = "DatabaseInterpreter.Demo", "DatabaseInterpreter\DatabaseInterpreter.Demo\DatabaseInterpreter.Demo.csproj", "{8C25AFA8-790F-499C-8166-0A52F795FB44}"
EndProject
Project("{2150E333-8FDC-42A3-9474-1A3956D46DE8}") = "01. DatabaseInterpreter", "01. DatabaseInterpreter", "{761072AA-C461-4482-A5CF-B4A345C7F614}"
EndProject
Project("{9A19103F-16F7-4668-BE54-9A1E7A4F7556}") = "DatabaseInterpreter.Test", "DatabaseInterpreter\DatabaseInterpreter.Test\DatabaseInterpreter.Test.csproj", "{92D9F8BC-9385-4F0F-B4BF-73770E98605B}"
EndProject
Project("{9A19103F-16F7-4668-BE54-9A1E7A4F7556}") = "DatabaseInterpreter.Utility", "DatabaseInterpreter\DatabaseInterpreter.Utility\DatabaseInterpreter.Utility.csproj", "{29AABB44-3BE6-4A35-9F21-6B2BFEB7023E}"
EndProject
Project("{2150E333-8FDC-42A3-9474-1A3956D46DE8}") = "02. DatabaseConverter", "02. DatabaseConverter", "{84B1F7AC-FCAC-4522-AC86-306FB83F8F50}"
EndProject
Project("{2150E333-8FDC-42A3-9474-1A3956D46DE8}") = "03. DatabaseManager", "03. DatabaseManager", "{F1D2AB01-8D46-4491-A941-36A78817B47A}"
EndProject
Project("{FAE04EC0-301F-11D3-BF4B-00C04F79EFBC}") = "DatabaseManager.Win", "DatabaseManager\DatabaseManager.Win\DatabaseManager.Win.csproj", "{E82C00C4-5E66-48F6-9979-2799F63C1209}"
EndProject
Project("{9A19103F-16F7-4668-BE54-9A1E7A4F7556}") = "DatabaseManager.Core", "DatabaseManager\DatabaseManager.Core\DatabaseManager.Core.csproj", "{440AB28D-3B86-4435-A634-56D6AA2A12DB}"
EndProject
Project("{9A19103F-16F7-4668-BE54-9A1E7A4F7556}") = "DatabaseConverter.Core", "DatabaseConverter\DatabaseConverter.Core\DatabaseConverter.Core.csproj", "{A33F1F31-8B29-4E4F-B789-A4A1EEC3D18A}"
EndProject
Project("{9A19103F-16F7-4668-BE54-9A1E7A4F7556}") = "DatabaseConverter.Demo", "DatabaseConverter\DatabaseConverter.Demo\DatabaseConverter.Demo.csproj", "{557AC416-FD90-4268-B0D0-A079DA28503A}"
EndProject
Project("{9A19103F-16F7-4668-BE54-9A1E7A4F7556}") = "DatabaseConverter.Test", "DatabaseConverter\DatabaseConverter.Test\DatabaseConverter.Test.csproj", "{014E5F8E-0404-4764-9E10-B44F3FA84B09}"
EndProject
Project("{9A19103F-16F7-4668-BE54-9A1E7A4F7556}") = "SqlAnalyser.Core", "DatabaseConverter\SqlAnalyser.Core\SqlAnalyser.Core.csproj", "{F4623EC9-5292-4CC0-B46D-FB919717B01B}"
EndProject
Project("{9A19103F-16F7-4668-BE54-9A1E7A4F7556}") = "SqlParser", "DatabaseConverter\SqlParser\SqlParser.csproj", "{23170FE7-6BE3-433C-9205-B42215110919}"
EndProject
Global
	GlobalSection(SolutionConfigurationPlatforms) = preSolution
		Debug|Any CPU = Debug|Any CPU
		Debug|x64 = Debug|x64
		Debug|x86 = Debug|x86
		Release|Any CPU = Release|Any CPU
		Release|x64 = Release|x64
		Release|x86 = Release|x86
	EndGlobalSection
	GlobalSection(ProjectConfigurationPlatforms) = postSolution
		{79096163-1F82-46F2-B2D9-6BD7F9015C05}.Debug|Any CPU.ActiveCfg = Debug|Any CPU
		{79096163-1F82-46F2-B2D9-6BD7F9015C05}.Debug|Any CPU.Build.0 = Debug|Any CPU
		{79096163-1F82-46F2-B2D9-6BD7F9015C05}.Debug|x64.ActiveCfg = Debug|Any CPU
		{79096163-1F82-46F2-B2D9-6BD7F9015C05}.Debug|x64.Build.0 = Debug|Any CPU
		{79096163-1F82-46F2-B2D9-6BD7F9015C05}.Debug|x86.ActiveCfg = Debug|Any CPU
		{79096163-1F82-46F2-B2D9-6BD7F9015C05}.Debug|x86.Build.0 = Debug|Any CPU
		{79096163-1F82-46F2-B2D9-6BD7F9015C05}.Release|Any CPU.ActiveCfg = Release|Any CPU
		{79096163-1F82-46F2-B2D9-6BD7F9015C05}.Release|Any CPU.Build.0 = Release|Any CPU
		{79096163-1F82-46F2-B2D9-6BD7F9015C05}.Release|x64.ActiveCfg = Release|Any CPU
		{79096163-1F82-46F2-B2D9-6BD7F9015C05}.Release|x64.Build.0 = Release|Any CPU
		{79096163-1F82-46F2-B2D9-6BD7F9015C05}.Release|x86.ActiveCfg = Release|Any CPU
		{79096163-1F82-46F2-B2D9-6BD7F9015C05}.Release|x86.Build.0 = Release|Any CPU
		{8C25AFA8-790F-499C-8166-0A52F795FB44}.Debug|Any CPU.ActiveCfg = Debug|Any CPU
		{8C25AFA8-790F-499C-8166-0A52F795FB44}.Debug|Any CPU.Build.0 = Debug|Any CPU
		{8C25AFA8-790F-499C-8166-0A52F795FB44}.Debug|x64.ActiveCfg = Debug|Any CPU
		{8C25AFA8-790F-499C-8166-0A52F795FB44}.Debug|x64.Build.0 = Debug|Any CPU
		{8C25AFA8-790F-499C-8166-0A52F795FB44}.Debug|x86.ActiveCfg = Debug|Any CPU
		{8C25AFA8-790F-499C-8166-0A52F795FB44}.Debug|x86.Build.0 = Debug|Any CPU
		{8C25AFA8-790F-499C-8166-0A52F795FB44}.Release|Any CPU.ActiveCfg = Release|Any CPU
		{8C25AFA8-790F-499C-8166-0A52F795FB44}.Release|Any CPU.Build.0 = Release|Any CPU
		{8C25AFA8-790F-499C-8166-0A52F795FB44}.Release|x64.ActiveCfg = Release|Any CPU
		{8C25AFA8-790F-499C-8166-0A52F795FB44}.Release|x64.Build.0 = Release|Any CPU
		{8C25AFA8-790F-499C-8166-0A52F795FB44}.Release|x86.ActiveCfg = Release|Any CPU
		{8C25AFA8-790F-499C-8166-0A52F795FB44}.Release|x86.Build.0 = Release|Any CPU
		{92D9F8BC-9385-4F0F-B4BF-73770E98605B}.Debug|Any CPU.ActiveCfg = Debug|Any CPU
		{92D9F8BC-9385-4F0F-B4BF-73770E98605B}.Debug|Any CPU.Build.0 = Debug|Any CPU
		{92D9F8BC-9385-4F0F-B4BF-73770E98605B}.Debug|x64.ActiveCfg = Debug|Any CPU
		{92D9F8BC-9385-4F0F-B4BF-73770E98605B}.Debug|x64.Build.0 = Debug|Any CPU
		{92D9F8BC-9385-4F0F-B4BF-73770E98605B}.Debug|x86.ActiveCfg = Debug|Any CPU
		{92D9F8BC-9385-4F0F-B4BF-73770E98605B}.Debug|x86.Build.0 = Debug|Any CPU
		{92D9F8BC-9385-4F0F-B4BF-73770E98605B}.Release|Any CPU.ActiveCfg = Release|Any CPU
		{92D9F8BC-9385-4F0F-B4BF-73770E98605B}.Release|Any CPU.Build.0 = Release|Any CPU
		{92D9F8BC-9385-4F0F-B4BF-73770E98605B}.Release|x64.ActiveCfg = Release|Any CPU
		{92D9F8BC-9385-4F0F-B4BF-73770E98605B}.Release|x64.Build.0 = Release|Any CPU
		{92D9F8BC-9385-4F0F-B4BF-73770E98605B}.Release|x86.ActiveCfg = Release|Any CPU
		{92D9F8BC-9385-4F0F-B4BF-73770E98605B}.Release|x86.Build.0 = Release|Any CPU
		{29AABB44-3BE6-4A35-9F21-6B2BFEB7023E}.Debug|Any CPU.ActiveCfg = Debug|Any CPU
		{29AABB44-3BE6-4A35-9F21-6B2BFEB7023E}.Debug|Any CPU.Build.0 = Debug|Any CPU
		{29AABB44-3BE6-4A35-9F21-6B2BFEB7023E}.Debug|x64.ActiveCfg = Debug|Any CPU
		{29AABB44-3BE6-4A35-9F21-6B2BFEB7023E}.Debug|x64.Build.0 = Debug|Any CPU
		{29AABB44-3BE6-4A35-9F21-6B2BFEB7023E}.Debug|x86.ActiveCfg = Debug|Any CPU
		{29AABB44-3BE6-4A35-9F21-6B2BFEB7023E}.Debug|x86.Build.0 = Debug|Any CPU
		{29AABB44-3BE6-4A35-9F21-6B2BFEB7023E}.Release|Any CPU.ActiveCfg = Release|Any CPU
		{29AABB44-3BE6-4A35-9F21-6B2BFEB7023E}.Release|Any CPU.Build.0 = Release|Any CPU
		{29AABB44-3BE6-4A35-9F21-6B2BFEB7023E}.Release|x64.ActiveCfg = Release|Any CPU
		{29AABB44-3BE6-4A35-9F21-6B2BFEB7023E}.Release|x64.Build.0 = Release|Any CPU
		{29AABB44-3BE6-4A35-9F21-6B2BFEB7023E}.Release|x86.ActiveCfg = Release|Any CPU
		{29AABB44-3BE6-4A35-9F21-6B2BFEB7023E}.Release|x86.Build.0 = Release|Any CPU
		{E82C00C4-5E66-48F6-9979-2799F63C1209}.Debug|Any CPU.ActiveCfg = Debug|Any CPU
		{E82C00C4-5E66-48F6-9979-2799F63C1209}.Debug|Any CPU.Build.0 = Debug|Any CPU
		{E82C00C4-5E66-48F6-9979-2799F63C1209}.Debug|x64.ActiveCfg = Debug|Any CPU
		{E82C00C4-5E66-48F6-9979-2799F63C1209}.Debug|x64.Build.0 = Debug|Any CPU
		{E82C00C4-5E66-48F6-9979-2799F63C1209}.Debug|x86.ActiveCfg = Debug|Any CPU
		{E82C00C4-5E66-48F6-9979-2799F63C1209}.Debug|x86.Build.0 = Debug|Any CPU
		{E82C00C4-5E66-48F6-9979-2799F63C1209}.Release|Any CPU.ActiveCfg = Release|Any CPU
		{E82C00C4-5E66-48F6-9979-2799F63C1209}.Release|Any CPU.Build.0 = Release|Any CPU
		{E82C00C4-5E66-48F6-9979-2799F63C1209}.Release|x64.ActiveCfg = Release|Any CPU
		{E82C00C4-5E66-48F6-9979-2799F63C1209}.Release|x64.Build.0 = Release|Any CPU
		{E82C00C4-5E66-48F6-9979-2799F63C1209}.Release|x86.ActiveCfg = Release|Any CPU
		{E82C00C4-5E66-48F6-9979-2799F63C1209}.Release|x86.Build.0 = Release|Any CPU
		{440AB28D-3B86-4435-A634-56D6AA2A12DB}.Debug|Any CPU.ActiveCfg = Debug|Any CPU
		{440AB28D-3B86-4435-A634-56D6AA2A12DB}.Debug|Any CPU.Build.0 = Debug|Any CPU
		{440AB28D-3B86-4435-A634-56D6AA2A12DB}.Debug|x64.ActiveCfg = Debug|Any CPU
		{440AB28D-3B86-4435-A634-56D6AA2A12DB}.Debug|x64.Build.0 = Debug|Any CPU
		{440AB28D-3B86-4435-A634-56D6AA2A12DB}.Debug|x86.ActiveCfg = Debug|Any CPU
		{440AB28D-3B86-4435-A634-56D6AA2A12DB}.Debug|x86.Build.0 = Debug|Any CPU
		{440AB28D-3B86-4435-A634-56D6AA2A12DB}.Release|Any CPU.ActiveCfg = Release|Any CPU
		{440AB28D-3B86-4435-A634-56D6AA2A12DB}.Release|Any CPU.Build.0 = Release|Any CPU
		{440AB28D-3B86-4435-A634-56D6AA2A12DB}.Release|x64.ActiveCfg = Release|Any CPU
		{440AB28D-3B86-4435-A634-56D6AA2A12DB}.Release|x64.Build.0 = Release|Any CPU
		{440AB28D-3B86-4435-A634-56D6AA2A12DB}.Release|x86.ActiveCfg = Release|Any CPU
		{440AB28D-3B86-4435-A634-56D6AA2A12DB}.Release|x86.Build.0 = Release|Any CPU
		{A33F1F31-8B29-4E4F-B789-A4A1EEC3D18A}.Debug|Any CPU.ActiveCfg = Debug|Any CPU
		{A33F1F31-8B29-4E4F-B789-A4A1EEC3D18A}.Debug|Any CPU.Build.0 = Debug|Any CPU
		{A33F1F31-8B29-4E4F-B789-A4A1EEC3D18A}.Debug|x64.ActiveCfg = Debug|Any CPU
		{A33F1F31-8B29-4E4F-B789-A4A1EEC3D18A}.Debug|x64.Build.0 = Debug|Any CPU
		{A33F1F31-8B29-4E4F-B789-A4A1EEC3D18A}.Debug|x86.ActiveCfg = Debug|Any CPU
		{A33F1F31-8B29-4E4F-B789-A4A1EEC3D18A}.Debug|x86.Build.0 = Debug|Any CPU
		{A33F1F31-8B29-4E4F-B789-A4A1EEC3D18A}.Release|Any CPU.ActiveCfg = Release|Any CPU
		{A33F1F31-8B29-4E4F-B789-A4A1EEC3D18A}.Release|Any CPU.Build.0 = Release|Any CPU
		{A33F1F31-8B29-4E4F-B789-A4A1EEC3D18A}.Release|x64.ActiveCfg = Release|Any CPU
		{A33F1F31-8B29-4E4F-B789-A4A1EEC3D18A}.Release|x64.Build.0 = Release|Any CPU
		{A33F1F31-8B29-4E4F-B789-A4A1EEC3D18A}.Release|x86.ActiveCfg = Release|Any CPU
		{A33F1F31-8B29-4E4F-B789-A4A1EEC3D18A}.Release|x86.Build.0 = Release|Any CPU
		{557AC416-FD90-4268-B0D0-A079DA28503A}.Debug|Any CPU.ActiveCfg = Debug|Any CPU
		{557AC416-FD90-4268-B0D0-A079DA28503A}.Debug|Any CPU.Build.0 = Debug|Any CPU
		{557AC416-FD90-4268-B0D0-A079DA28503A}.Debug|x64.ActiveCfg = Debug|Any CPU
		{557AC416-FD90-4268-B0D0-A079DA28503A}.Debug|x64.Build.0 = Debug|Any CPU
		{557AC416-FD90-4268-B0D0-A079DA28503A}.Debug|x86.ActiveCfg = Debug|Any CPU
		{557AC416-FD90-4268-B0D0-A079DA28503A}.Debug|x86.Build.0 = Debug|Any CPU
		{557AC416-FD90-4268-B0D0-A079DA28503A}.Release|Any CPU.ActiveCfg = Release|Any CPU
		{557AC416-FD90-4268-B0D0-A079DA28503A}.Release|Any CPU.Build.0 = Release|Any CPU
		{557AC416-FD90-4268-B0D0-A079DA28503A}.Release|x64.ActiveCfg = Release|Any CPU
		{557AC416-FD90-4268-B0D0-A079DA28503A}.Release|x64.Build.0 = Release|Any CPU
		{557AC416-FD90-4268-B0D0-A079DA28503A}.Release|x86.ActiveCfg = Release|Any CPU
		{557AC416-FD90-4268-B0D0-A079DA28503A}.Release|x86.Build.0 = Release|Any CPU
		{014E5F8E-0404-4764-9E10-B44F3FA84B09}.Debug|Any CPU.ActiveCfg = Debug|Any CPU
		{014E5F8E-0404-4764-9E10-B44F3FA84B09}.Debug|Any CPU.Build.0 = Debug|Any CPU
		{014E5F8E-0404-4764-9E10-B44F3FA84B09}.Debug|x64.ActiveCfg = Debug|Any CPU
		{014E5F8E-0404-4764-9E10-B44F3FA84B09}.Debug|x64.Build.0 = Debug|Any CPU
		{014E5F8E-0404-4764-9E10-B44F3FA84B09}.Debug|x86.ActiveCfg = Debug|Any CPU
		{014E5F8E-0404-4764-9E10-B44F3FA84B09}.Debug|x86.Build.0 = Debug|Any CPU
		{014E5F8E-0404-4764-9E10-B44F3FA84B09}.Release|Any CPU.ActiveCfg = Release|Any CPU
		{014E5F8E-0404-4764-9E10-B44F3FA84B09}.Release|Any CPU.Build.0 = Release|Any CPU
		{014E5F8E-0404-4764-9E10-B44F3FA84B09}.Release|x64.ActiveCfg = Release|Any CPU
		{014E5F8E-0404-4764-9E10-B44F3FA84B09}.Release|x64.Build.0 = Release|Any CPU
		{014E5F8E-0404-4764-9E10-B44F3FA84B09}.Release|x86.ActiveCfg = Release|Any CPU
		{014E5F8E-0404-4764-9E10-B44F3FA84B09}.Release|x86.Build.0 = Release|Any CPU
		{F4623EC9-5292-4CC0-B46D-FB919717B01B}.Debug|Any CPU.ActiveCfg = Debug|Any CPU
		{F4623EC9-5292-4CC0-B46D-FB919717B01B}.Debug|Any CPU.Build.0 = Debug|Any CPU
		{F4623EC9-5292-4CC0-B46D-FB919717B01B}.Debug|x64.ActiveCfg = Debug|Any CPU
		{F4623EC9-5292-4CC0-B46D-FB919717B01B}.Debug|x64.Build.0 = Debug|Any CPU
		{F4623EC9-5292-4CC0-B46D-FB919717B01B}.Debug|x86.ActiveCfg = Debug|Any CPU
		{F4623EC9-5292-4CC0-B46D-FB919717B01B}.Debug|x86.Build.0 = Debug|Any CPU
		{F4623EC9-5292-4CC0-B46D-FB919717B01B}.Release|Any CPU.ActiveCfg = Release|Any CPU
		{F4623EC9-5292-4CC0-B46D-FB919717B01B}.Release|Any CPU.Build.0 = Release|Any CPU
		{F4623EC9-5292-4CC0-B46D-FB919717B01B}.Release|x64.ActiveCfg = Release|Any CPU
		{F4623EC9-5292-4CC0-B46D-FB919717B01B}.Release|x64.Build.0 = Release|Any CPU
		{F4623EC9-5292-4CC0-B46D-FB919717B01B}.Release|x86.ActiveCfg = Release|Any CPU
		{F4623EC9-5292-4CC0-B46D-FB919717B01B}.Release|x86.Build.0 = Release|Any CPU
		{23170FE7-6BE3-433C-9205-B42215110919}.Debug|Any CPU.ActiveCfg = Debug|Any CPU
		{23170FE7-6BE3-433C-9205-B42215110919}.Debug|Any CPU.Build.0 = Debug|Any CPU
		{23170FE7-6BE3-433C-9205-B42215110919}.Debug|x64.ActiveCfg = Debug|Any CPU
		{23170FE7-6BE3-433C-9205-B42215110919}.Debug|x64.Build.0 = Debug|Any CPU
		{23170FE7-6BE3-433C-9205-B42215110919}.Debug|x86.ActiveCfg = Debug|Any CPU
		{23170FE7-6BE3-433C-9205-B42215110919}.Debug|x86.Build.0 = Debug|Any CPU
		{23170FE7-6BE3-433C-9205-B42215110919}.Release|Any CPU.ActiveCfg = Release|Any CPU
		{23170FE7-6BE3-433C-9205-B42215110919}.Release|Any CPU.Build.0 = Release|Any CPU
		{23170FE7-6BE3-433C-9205-B42215110919}.Release|x64.ActiveCfg = Release|Any CPU
		{23170FE7-6BE3-433C-9205-B42215110919}.Release|x64.Build.0 = Release|Any CPU
		{23170FE7-6BE3-433C-9205-B42215110919}.Release|x86.ActiveCfg = Release|Any CPU
		{23170FE7-6BE3-433C-9205-B42215110919}.Release|x86.Build.0 = Release|Any CPU
	EndGlobalSection
	GlobalSection(SolutionProperties) = preSolution
		HideSolutionNode = FALSE
	EndGlobalSection
	GlobalSection(NestedProjects) = preSolution
		{79096163-1F82-46F2-B2D9-6BD7F9015C05} = {761072AA-C461-4482-A5CF-B4A345C7F614}
		{8C25AFA8-790F-499C-8166-0A52F795FB44} = {761072AA-C461-4482-A5CF-B4A345C7F614}
		{92D9F8BC-9385-4F0F-B4BF-73770E98605B} = {761072AA-C461-4482-A5CF-B4A345C7F614}
		{29AABB44-3BE6-4A35-9F21-6B2BFEB7023E} = {761072AA-C461-4482-A5CF-B4A345C7F614}
		{E82C00C4-5E66-48F6-9979-2799F63C1209} = {F1D2AB01-8D46-4491-A941-36A78817B47A}
		{440AB28D-3B86-4435-A634-56D6AA2A12DB} = {F1D2AB01-8D46-4491-A941-36A78817B47A}
		{A33F1F31-8B29-4E4F-B789-A4A1EEC3D18A} = {84B1F7AC-FCAC-4522-AC86-306FB83F8F50}
		{557AC416-FD90-4268-B0D0-A079DA28503A} = {84B1F7AC-FCAC-4522-AC86-306FB83F8F50}
		{014E5F8E-0404-4764-9E10-B44F3FA84B09} = {84B1F7AC-FCAC-4522-AC86-306FB83F8F50}
		{F4623EC9-5292-4CC0-B46D-FB919717B01B} = {84B1F7AC-FCAC-4522-AC86-306FB83F8F50}
		{23170FE7-6BE3-433C-9205-B42215110919} = {84B1F7AC-FCAC-4522-AC86-306FB83F8F50}
	EndGlobalSection
	GlobalSection(ExtensibilityGlobals) = postSolution
		SolutionGuid = {25A155A8-4316-42C2-881F-CC951DBD2CE8}
	EndGlobalSection
EndGlobal
